
Microsoft Visual Studio Solution File, Format Version 12.00
# Visual Studio Version 17
VisualStudioVersion = 17.8.34330.188
MinimumVisualStudioVersion = 10.0.40219.1
Project("{FAE04EC0-301F-11D3-BF4B-00C04F79EFBC}") = "Sample01", "Sample01.csproj", "{7EBE35E3-C31E-4AC4-BA28-E2A4B04BF01C}"
EndProject
Global
	GlobalSection(SolutionConfigurationPlatforms) = preSolution
		Debug|Any CPU = Debug|Any CPU
		Release|Any CPU = Release|Any CPU
	EndGlobalSection
	GlobalSection(ProjectConfigurationPlatforms) = postSolution
		{7EBE35E3-C31E-4AC4-BA28-E2A4B04BF01C}.Debug|Any CPU.ActiveCfg = Debug|Any CPU
		{7EBE35E3-C31E-4AC4-BA28-E2A4B04BF01C}.Debug|Any CPU.Build.0 = Debug|Any CPU
		{7EBE35E3-C31E-4AC4-BA28-E2A4B04BF01C}.Release|Any CPU.ActiveCfg = Release|Any CPU
		{7EBE35E3-C31E-4AC4-BA28-E2A4B04BF01C}.Release|Any CPU.Build.0 = Release|Any CPU
	EndGlobalSection
	GlobalSection(SolutionProperties) = preSolution
		HideSolutionNode = FALSE
	EndGlobalSection
	GlobalSection(ExtensibilityGlobals) = postSolution
		SolutionGuid = {608E4C57-2B4F-43BC-AC43-FBBF71485206}
	EndGlobalSection
EndGlobal
